
Microsoft Visual Studio Solution File, Format Version 12.00
# Visual Studio Version 17
VisualStudioVersion = 17.1.32328.378
MinimumVisualStudioVersion = 10.0.40219.1
Project("{9A19103F-16F7-4668-BE54-9A1E7A4F7556}") = "Swappa.Server", "Swappa\Server\Swappa.Server.csproj", "{31E84D4D-32A9-40C9-907F-251B517F8F47}"
EndProject
Project("{9A19103F-16F7-4668-BE54-9A1E7A4F7556}") = "Swappa.Client", "Swappa\Client\Swappa.Client.csproj", "{4D28E567-100D-434F-9125-E2D102FE251D}"
EndProject
Project("{9A19103F-16F7-4668-BE54-9A1E7A4F7556}") = "Swappa.Shared", "Swappa\Shared\Swappa.Shared.csproj", "{4EF9E269-D9FC-4A8D-BC80-95664C7D1951}"
EndProject
Project("{9A19103F-16F7-4668-BE54-9A1E7A4F7556}") = "Swappa.Entities", "Swappa.Entities\Swappa.Entities.csproj", "{B1A1693D-444A-4A78-8121-0E694D888949}"
EndProject
Project("{9A19103F-16F7-4668-BE54-9A1E7A4F7556}") = "Swappa.Data", "Swappa.Data\Swappa.Data.csproj", "{6741EFD5-1DD2-43EF-9C0C-BB941F9AEDE8}"
EndProject
Global
	GlobalSection(SolutionConfigurationPlatforms) = preSolution
		Debug|Any CPU = Debug|Any CPU
		Release|Any CPU = Release|Any CPU
	EndGlobalSection
	GlobalSection(ProjectConfigurationPlatforms) = postSolution
		{31E84D4D-32A9-40C9-907F-251B517F8F47}.Debug|Any CPU.ActiveCfg = Debug|Any CPU
		{31E84D4D-32A9-40C9-907F-251B517F8F47}.Debug|Any CPU.Build.0 = Debug|Any CPU
		{31E84D4D-32A9-40C9-907F-251B517F8F47}.Release|Any CPU.ActiveCfg = Release|Any CPU
		{31E84D4D-32A9-40C9-907F-251B517F8F47}.Release|Any CPU.Build.0 = Release|Any CPU
		{4D28E567-100D-434F-9125-E2D102FE251D}.Debug|Any CPU.ActiveCfg = Debug|Any CPU
		{4D28E567-100D-434F-9125-E2D102FE251D}.Debug|Any CPU.Build.0 = Debug|Any CPU
		{4D28E567-100D-434F-9125-E2D102FE251D}.Release|Any CPU.ActiveCfg = Release|Any CPU
		{4D28E567-100D-434F-9125-E2D102FE251D}.Release|Any CPU.Build.0 = Release|Any CPU
		{4EF9E269-D9FC-4A8D-BC80-95664C7D1951}.Debug|Any CPU.ActiveCfg = Debug|Any CPU
		{4EF9E269-D9FC-4A8D-BC80-95664C7D1951}.Debug|Any CPU.Build.0 = Debug|Any CPU
		{4EF9E269-D9FC-4A8D-BC80-95664C7D1951}.Release|Any CPU.ActiveCfg = Release|Any CPU
		{4EF9E269-D9FC-4A8D-BC80-95664C7D1951}.Release|Any CPU.Build.0 = Release|Any CPU
		{B1A1693D-444A-4A78-8121-0E694D888949}.Debug|Any CPU.ActiveCfg = Debug|Any CPU
		{B1A1693D-444A-4A78-8121-0E694D888949}.Debug|Any CPU.Build.0 = Debug|Any CPU
		{B1A1693D-444A-4A78-8121-0E694D888949}.Release|Any CPU.ActiveCfg = Release|Any CPU
		{B1A1693D-444A-4A78-8121-0E694D888949}.Release|Any CPU.Build.0 = Release|Any CPU
		{6741EFD5-1DD2-43EF-9C0C-BB941F9AEDE8}.Debug|Any CPU.ActiveCfg = Debug|Any CPU
		{6741EFD5-1DD2-43EF-9C0C-BB941F9AEDE8}.Debug|Any CPU.Build.0 = Debug|Any CPU
		{6741EFD5-1DD2-43EF-9C0C-BB941F9AEDE8}.Release|Any CPU.ActiveCfg = Release|Any CPU
		{6741EFD5-1DD2-43EF-9C0C-BB941F9AEDE8}.Release|Any CPU.Build.0 = Release|Any CPU
	EndGlobalSection
	GlobalSection(SolutionProperties) = preSolution
		HideSolutionNode = FALSE
	EndGlobalSection
	GlobalSection(ExtensibilityGlobals) = postSolution
		SolutionGuid = {C1817F59-1974-40C1-AECF-DC6BBA0C30DC}
	EndGlobalSection
EndGlobal
